
Microsoft Visual Studio Solution File, Format Version 12.00
# Visual Studio 14
VisualStudioVersion = 14.0.25420.1
MinimumVisualStudioVersion = 10.0.40219.1
Project("{FAE04EC0-301F-11D3-BF4B-00C04F79EFBC}") = "ActiveMQSender", "ActiveMQSender\ActiveMQSender.csproj", "{2A745543-05C5-413B-B115-5EFDFB8DC30B}"
EndProject
Project("{FAE04EC0-301F-11D3-BF4B-00C04F79EFBC}") = "ActiveMQReceive", "ActiveMQReceive\ActiveMQReceive.csproj", "{4F51B9E2-7C2E-4885-A74B-3EE5852DE973}"
EndProject
Global
	GlobalSection(SolutionConfigurationPlatforms) = preSolution
		Debug|Any CPU = Debug|Any CPU
		Release|Any CPU = Release|Any CPU
	EndGlobalSection
	GlobalSection(ProjectConfigurationPlatforms) = postSolution
		{2A745543-05C5-413B-B115-5EFDFB8DC30B}.Debug|Any CPU.ActiveCfg = Debug|Any CPU
		{2A745543-05C5-413B-B115-5EFDFB8DC30B}.Debug|Any CPU.Build.0 = Debug|Any CPU
		{2A745543-05C5-413B-B115-5EFDFB8DC30B}.Release|Any CPU.ActiveCfg = Release|Any CPU
		{2A745543-05C5-413B-B115-5EFDFB8DC30B}.Release|Any CPU.Build.0 = Release|Any CPU
		{4F51B9E2-7C2E-4885-A74B-3EE5852DE973}.Debug|Any CPU.ActiveCfg = Debug|Any CPU
		{4F51B9E2-7C2E-4885-A74B-3EE5852DE973}.Debug|Any CPU.Build.0 = Debug|Any CPU
		{4F51B9E2-7C2E-4885-A74B-3EE5852DE973}.Release|Any CPU.ActiveCfg = Release|Any CPU
		{4F51B9E2-7C2E-4885-A74B-3EE5852DE973}.Release|Any CPU.Build.0 = Release|Any CPU
	EndGlobalSection
	GlobalSection(SolutionProperties) = preSolution
		HideSolutionNode = FALSE
	EndGlobalSection
EndGlobal
